
Microsoft Visual Studio Solution File, Format Version 12.00
# Visual Studio Version 17
VisualStudioVersion = 17.5.33414.496
MinimumVisualStudioVersion = 10.0.40219.1
Project("{9A19103F-16F7-4668-BE54-9A1E7A4F7556}") = "DAL", "DAL\DAL.csproj", "{1BE59776-273B-44FE-B56D-DBDB560AE0AD}"
EndProject
Project("{9A19103F-16F7-4668-BE54-9A1E7A4F7556}") = "BLL", "BLL\BLL.csproj", "{429620D4-953F-4EF0-9C79-A81BA8628F2B}"
EndProject
Project("{FAE04EC0-301F-11D3-BF4B-00C04F79EFBC}") = "PL", "PL\PL.csproj", "{BFB839A9-7BE3-4270-A6F2-3B9752B63F96}"
EndProject
Global
	GlobalSection(SolutionConfigurationPlatforms) = preSolution
		Debug|Any CPU = Debug|Any CPU
		Release|Any CPU = Release|Any CPU
	EndGlobalSection
	GlobalSection(ProjectConfigurationPlatforms) = postSolution
		{1BE59776-273B-44FE-B56D-DBDB560AE0AD}.Debug|Any CPU.ActiveCfg = Debug|Any CPU
		{1BE59776-273B-44FE-B56D-DBDB560AE0AD}.Debug|Any CPU.Build.0 = Debug|Any CPU
		{1BE59776-273B-44FE-B56D-DBDB560AE0AD}.Release|Any CPU.ActiveCfg = Release|Any CPU
		{1BE59776-273B-44FE-B56D-DBDB560AE0AD}.Release|Any CPU.Build.0 = Release|Any CPU
		{429620D4-953F-4EF0-9C79-A81BA8628F2B}.Debug|Any CPU.ActiveCfg = Debug|Any CPU
		{429620D4-953F-4EF0-9C79-A81BA8628F2B}.Debug|Any CPU.Build.0 = Debug|Any CPU
		{429620D4-953F-4EF0-9C79-A81BA8628F2B}.Release|Any CPU.ActiveCfg = Release|Any CPU
		{429620D4-953F-4EF0-9C79-A81BA8628F2B}.Release|Any CPU.Build.0 = Release|Any CPU
		{BFB839A9-7BE3-4270-A6F2-3B9752B63F96}.Debug|Any CPU.ActiveCfg = Debug|Any CPU
		{BFB839A9-7BE3-4270-A6F2-3B9752B63F96}.Debug|Any CPU.Build.0 = Debug|Any CPU
		{BFB839A9-7BE3-4270-A6F2-3B9752B63F96}.Release|Any CPU.ActiveCfg = Release|Any CPU
		{BFB839A9-7BE3-4270-A6F2-3B9752B63F96}.Release|Any CPU.Build.0 = Release|Any CPU
	EndGlobalSection
	GlobalSection(SolutionProperties) = preSolution
		HideSolutionNode = FALSE
	EndGlobalSection
	GlobalSection(ExtensibilityGlobals) = postSolution
		SolutionGuid = {56182063-0BD2-4202-9BC0-1D0A1B1279CC}
	EndGlobalSection
EndGlobal
