
Microsoft Visual Studio Solution File, Format Version 12.00
# Visual Studio Version 17
VisualStudioVersion = 17.5.33414.496
MinimumVisualStudioVersion = 10.0.40219.1
Project("{FAE04EC0-301F-11D3-BF4B-00C04F79EFBC}") = "Paid clinic(Labwork)", "Paid clinic(Labwork)\Paid clinic(Labwork).csproj", "{404F53BC-813F-4BEE-8848-F2C95FDC6089}"
EndProject
Global
	GlobalSection(SolutionConfigurationPlatforms) = preSolution
		Debug|Any CPU = Debug|Any CPU
		Release|Any CPU = Release|Any CPU
	EndGlobalSection
	GlobalSection(ProjectConfigurationPlatforms) = postSolution
		{404F53BC-813F-4BEE-8848-F2C95FDC6089}.Debug|Any CPU.ActiveCfg = Debug|Any CPU
		{404F53BC-813F-4BEE-8848-F2C95FDC6089}.Debug|Any CPU.Build.0 = Debug|Any CPU
		{404F53BC-813F-4BEE-8848-F2C95FDC6089}.Release|Any CPU.ActiveCfg = Release|Any CPU
		{404F53BC-813F-4BEE-8848-F2C95FDC6089}.Release|Any CPU.Build.0 = Release|Any CPU
	EndGlobalSection
	GlobalSection(SolutionProperties) = preSolution
		HideSolutionNode = FALSE
	EndGlobalSection
	GlobalSection(ExtensibilityGlobals) = postSolution
		SolutionGuid = {F87EA45B-5B16-4109-BD9A-E11F1EDE5CB2}
	EndGlobalSection
EndGlobal
